
Microsoft Visual Studio Solution File, Format Version 12.00
# Visual Studio Version 16
VisualStudioVersion = 16.0.29911.84
MinimumVisualStudioVersion = 10.0.40219.1
Project("{FAE04EC0-301F-11D3-BF4B-00C04F79EFBC}") = "Translator", "Translator\Translator.csproj", "{858D6952-5771-4F3B-85FE-A398C4A26FEF}"
EndProject
Project("{FAE04EC0-301F-11D3-BF4B-00C04F79EFBC}") = "TranslatorTest", "TranslatorTest\TranslatorTest.csproj", "{72E1B7AB-DA90-4F4D-96F8-EAEBDB576E66}"
EndProject
Global
	GlobalSection(SolutionConfigurationPlatforms) = preSolution
		Debug|Any CPU = Debug|Any CPU
		Release|Any CPU = Release|Any CPU
	EndGlobalSection
	GlobalSection(ProjectConfigurationPlatforms) = postSolution
		{858D6952-5771-4F3B-85FE-A398C4A26FEF}.Debug|Any CPU.ActiveCfg = Debug|Any CPU
		{858D6952-5771-4F3B-85FE-A398C4A26FEF}.Debug|Any CPU.Build.0 = Debug|Any CPU
		{858D6952-5771-4F3B-85FE-A398C4A26FEF}.Release|Any CPU.ActiveCfg = Release|Any CPU
		{858D6952-5771-4F3B-85FE-A398C4A26FEF}.Release|Any CPU.Build.0 = Release|Any CPU
		{72E1B7AB-DA90-4F4D-96F8-EAEBDB576E66}.Debug|Any CPU.ActiveCfg = Debug|Any CPU
		{72E1B7AB-DA90-4F4D-96F8-EAEBDB576E66}.Debug|Any CPU.Build.0 = Debug|Any CPU
		{72E1B7AB-DA90-4F4D-96F8-EAEBDB576E66}.Release|Any CPU.ActiveCfg = Release|Any CPU
		{72E1B7AB-DA90-4F4D-96F8-EAEBDB576E66}.Release|Any CPU.Build.0 = Release|Any CPU
	EndGlobalSection
	GlobalSection(SolutionProperties) = preSolution
		HideSolutionNode = FALSE
	EndGlobalSection
	GlobalSection(ExtensibilityGlobals) = postSolution
		SolutionGuid = {ECCE1C43-3471-48E2-A822-03BA0A238A14}
	EndGlobalSection
EndGlobal
